{
  "name": "modelo_pp_frontend",
  "version": "1.0.0",
  "lockfileVersion": 2,
  "requires": true,
  "packages": {
    "": {
      "name": "modelo_pp_frontend",
      "version": "1.0.0",
      "license": "ISC",
      "dependencies": {
        "@types/jquery": "^3.3.38",
        "sweetalert2": "^11.11.0"
      }
    },
    "node_modules/@types/jquery": {
      "version": "3.5.14",
      "resolved": "https://registry.npmjs.org/@types/jquery/-/jquery-3.5.14.tgz",
      "integrity": "sha512-X1gtMRMbziVQkErhTQmSe2jFwwENA/Zr+PprCkF63vFq+Yt5PZ4AlKqgmeNlwgn7dhsXEK888eIW2520EpC+xg==",
      "dependencies": {
        "@types/sizzle": "*"
      }
    },
    "node_modules/@types/sizzle": {
      "version": "2.3.3",
      "resolved": "https://registry.npmjs.org/@types/sizzle/-/sizzle-2.3.3.tgz",
      "integrity": "sha512-JYM8x9EGF163bEyhdJBpR2QX1R5naCJHC8ucJylJ3w9/CVBaskdQ8WqBf8MmQrd1kRvp/a4TS8HJ+bxzR7ZJYQ=="
    },
    "node_modules/sweetalert2": {
      "version": "11.11.0",
      "resolved": "https://registry.npmjs.org/sweetalert2/-/sweetalert2-11.11.0.tgz",
      "integrity": "sha512-wKCTtoE6lQVDKaJ5FFq+znk/YykJmJlD8RnLZps8C7DyivctCoRlVeeOwnKfgwKS+QJYon7s++3dmNi3/am1tw==",
      "funding": {
        "type": "individual",
        "url": "https://github.com/sponsors/limonte"
      }
    }
  },
  "dependencies": {
    "@types/jquery": {
      "version": "3.5.14",
      "resolved": "https://registry.npmjs.org/@types/jquery/-/jquery-3.5.14.tgz",
      "integrity": "sha512-X1gtMRMbziVQkErhTQmSe2jFwwENA/Zr+PprCkF63vFq+Yt5PZ4AlKqgmeNlwgn7dhsXEK888eIW2520EpC+xg==",
      "requires": {
        "@types/sizzle": "*"
      }
    },
    "@types/sizzle": {
      "version": "2.3.3",
      "resolved": "https://registry.npmjs.org/@types/sizzle/-/sizzle-2.3.3.tgz",
      "integrity": "sha512-JYM8x9EGF163bEyhdJBpR2QX1R5naCJHC8ucJylJ3w9/CVBaskdQ8WqBf8MmQrd1kRvp/a4TS8HJ+bxzR7ZJYQ=="
    },
    "sweetalert2": {
      "version": "11.11.0",
      "resolved": "https://registry.npmjs.org/sweetalert2/-/sweetalert2-11.11.0.tgz",
      "integrity": "sha512-wKCTtoE6lQVDKaJ5FFq+znk/YykJmJlD8RnLZps8C7DyivctCoRlVeeOwnKfgwKS+QJYon7s++3dmNi3/am1tw=="
    }
  }
}
